// !$*UTF8*$!
{
	archiveVersion = 1;
	classes = {
	};
	objectVersion = 51;
	objects = {

/* Begin PBXBuildFile section */
		63D98C3CB218BD0335438410 /* Pods_Weather.framework in Frameworks */ = {isa = PBXBuildFile; fileRef = B75BE1FF3C2E73E6EC03A7AD /* Pods_Weather.framework */; };
		B222971E264944B70061639E /* Logger.swift in Sources */ = {isa = PBXBuildFile; fileRef = B222971D264944B70061639E /* Logger.swift */; };
		B223F6882649C57600073526 /* WeatherViewModelData.swift in Sources */ = {isa = PBXBuildFile; fileRef = B223F6872649C57600073526 /* WeatherViewModelData.swift */; };
		B22EDBB226398B10004D18A7 /* MapViewModel.swift in Sources */ = {isa = PBXBuildFile; fileRef = B22EDBB126398B10004D18A7 /* MapViewModel.swift */; };
		B22EDBB626398B7D004D18A7 /* MapCoordinator.swift in Sources */ = {isa = PBXBuildFile; fileRef = B22EDBB526398B7D004D18A7 /* MapCoordinator.swift */; };
		B22EDBBF26398BD2004D18A7 /* CoordinatorProtocol.swift in Sources */ = {isa = PBXBuildFile; fileRef = B22EDBBE26398BD2004D18A7 /* CoordinatorProtocol.swift */; };
		B22EDBC426398C45004D18A7 /* AppCoordinator.swift in Sources */ = {isa = PBXBuildFile; fileRef = B22EDBC326398C45004D18A7 /* AppCoordinator.swift */; };
		B22EDBC926398CA3004D18A7 /* WeatherViewController.swift in Sources */ = {isa = PBXBuildFile; fileRef = B22EDBC826398CA3004D18A7 /* WeatherViewController.swift */; };
		B22EDBCC26398CB7004D18A7 /* WeatherViewModel.swift in Sources */ = {isa = PBXBuildFile; fileRef = B22EDBCB26398CB6004D18A7 /* WeatherViewModel.swift */; };
		B22EDBCF2639918F004D18A7 /* GeocodingService.swift in Sources */ = {isa = PBXBuildFile; fileRef = B22EDBCE2639918F004D18A7 /* GeocodingService.swift */; };
		B24339BE2645427E00607448 /* Dependencies.swift in Sources */ = {isa = PBXBuildFile; fileRef = B24339BD2645427E00607448 /* Dependencies.swift */; };
		B24339C2264566FA00607448 /* CityWeather.swift in Sources */ = {isa = PBXBuildFile; fileRef = B24339C1264566FA00607448 /* CityWeather.swift */; };
		B24339C52645671600607448 /* MainWeather.swift in Sources */ = {isa = PBXBuildFile; fileRef = B24339C42645671600607448 /* MainWeather.swift */; };
		B24339C82645672000607448 /* Wind.swift in Sources */ = {isa = PBXBuildFile; fileRef = B24339C72645672000607448 /* Wind.swift */; };
		B25647332643EFCA00165943 /* WeatherCoordinator.swift in Sources */ = {isa = PBXBuildFile; fileRef = B25647322643EFCA00165943 /* WeatherCoordinator.swift */; };
		B261AD0C2638617A0033BE0A /* AppDelegate.swift in Sources */ = {isa = PBXBuildFile; fileRef = B261AD0B2638617A0033BE0A /* AppDelegate.swift */; };
		B261AD0E2638617A0033BE0A /* SceneDelegate.swift in Sources */ = {isa = PBXBuildFile; fileRef = B261AD0D2638617A0033BE0A /* SceneDelegate.swift */; };
		B261AD102638617A0033BE0A /* MapViewController.swift in Sources */ = {isa = PBXBuildFile; fileRef = B261AD0F2638617A0033BE0A /* MapViewController.swift */; };
		B261AD152638617C0033BE0A /* Assets.xcassets in Resources */ = {isa = PBXBuildFile; fileRef = B261AD142638617C0033BE0A /* Assets.xcassets */; };
		B261AD182638617C0033BE0A /* LaunchScreen.storyboard in Resources */ = {isa = PBXBuildFile; fileRef = B261AD162638617C0033BE0A /* LaunchScreen.storyboard */; };
		B261AD52263885CE0033BE0A /* LocationCardView.swift in Sources */ = {isa = PBXBuildFile; fileRef = B261AD51263885CE0033BE0A /* LocationCardView.swift */; };
		B261AD582638882B0033BE0A /* UIColor+customColors.swift in Sources */ = {isa = PBXBuildFile; fileRef = B261AD572638882B0033BE0A /* UIColor+customColors.swift */; };
		B261AD5B263888380033BE0A /* UIFont+customFonts.swift in Sources */ = {isa = PBXBuildFile; fileRef = B261AD5A263888380033BE0A /* UIFont+customFonts.swift */; };
		B282F320264829A600FA81E5 /* NetworkErrorShowingProtocol.swift in Sources */ = {isa = PBXBuildFile; fileRef = B282F31F264829A600FA81E5 /* NetworkErrorShowingProtocol.swift */; };
		B282F323264829C600FA81E5 /* NetworkErrorViewController.swift in Sources */ = {isa = PBXBuildFile; fileRef = B282F322264829C600FA81E5 /* NetworkErrorViewController.swift */; };
		B282F32626482A2100FA81E5 /* Constants.swift in Sources */ = {isa = PBXBuildFile; fileRef = B282F32526482A2100FA81E5 /* Constants.swift */; };
		B282F32B26482BEC00FA81E5 /* UINavigationController+networkErrorShowing.swift in Sources */ = {isa = PBXBuildFile; fileRef = B282F32A26482BEC00FA81E5 /* UINavigationController+networkErrorShowing.swift */; };
		B2B53771264C19AE00B072D8 /* Localizable.strings in Resources */ = {isa = PBXBuildFile; fileRef = B2B53773264C19AE00B072D8 /* Localizable.strings */; };
		B2B53788264C417000B072D8 /* NetworkErrorView.swift in Sources */ = {isa = PBXBuildFile; fileRef = B2B53787264C417000B072D8 /* NetworkErrorView.swift */; };
		B2B6255C264ACA3700CD3BFD /* WeatherViewController+networkErrorShowingProtocol.swift in Sources */ = {isa = PBXBuildFile; fileRef = B2B6255B264ACA3700CD3BFD /* WeatherViewController+networkErrorShowingProtocol.swift */; };
		B2B62567264AE98C00CD3BFD /* BinaryFloatingPoint+minutes.swift in Sources */ = {isa = PBXBuildFile; fileRef = B2B62566264AE98C00CD3BFD /* BinaryFloatingPoint+minutes.swift */; };
		B2B6256A264AE99E00CD3BFD /* BinaryFloatingPoint+seconds.swift in Sources */ = {isa = PBXBuildFile; fileRef = B2B62569264AE99E00CD3BFD /* BinaryFloatingPoint+seconds.swift */; };
		B2B62581264AEBDF00CD3BFD /* CardinalDirectionFormatter.swift in Sources */ = {isa = PBXBuildFile; fileRef = B2B62580264AEBDF00CD3BFD /* CardinalDirectionFormatter.swift */; };
		B2B62584264AEBEC00CD3BFD /* TemperatureFormatter.swift in Sources */ = {isa = PBXBuildFile; fileRef = B2B62583264AEBEC00CD3BFD /* TemperatureFormatter.swift */; };
		B2CC764B26428475006DD3AE /* WeatherComponentView.swift in Sources */ = {isa = PBXBuildFile; fileRef = B2CC764A26428475006DD3AE /* WeatherComponentView.swift */; };
		B2CC76572642928B006DD3AE /* WeatherIconComponentView.swift in Sources */ = {isa = PBXBuildFile; fileRef = B2CC76562642928B006DD3AE /* WeatherIconComponentView.swift */; };
		B2D33C3F265127330097F539 /* R.generated.swift in Sources */ = {isa = PBXBuildFile; fileRef = B2D33C3E265127330097F539 /* R.generated.swift */; };
		B2EE88BD263AFEBA00DE694E /* BinaryFloatingPoint+degrees.swift in Sources */ = {isa = PBXBuildFile; fileRef = B2EE88BC263AFEBA00DE694E /* BinaryFloatingPoint+degrees.swift */; };
		B2EE88C0263AFEE800DE694E /* CLLocation+coordinateDescription.swift in Sources */ = {isa = PBXBuildFile; fileRef = B2EE88BF263AFEE800DE694E /* CLLocation+coordinateDescription.swift */; };
		B2FBBFFB2641890F009FE9D4 /* NetworkService.swift in Sources */ = {isa = PBXBuildFile; fileRef = B2FBBFFA2641890F009FE9D4 /* NetworkService.swift */; };
		B2FBC001264189B5009FE9D4 /* NetworkRouter.swift in Sources */ = {isa = PBXBuildFile; fileRef = B2FBC000264189B5009FE9D4 /* NetworkRouter.swift */; };
		B2FBC01026419872009FE9D4 /* Weather.swift in Sources */ = {isa = PBXBuildFile; fileRef = B2FBC00F26419872009FE9D4 /* Weather.swift */; };
/* End PBXBuildFile section */

/* Begin PBXFileReference section */
		2BCCDFB5C58B5717B8BAB164 /* Pods-Weather.debug.xcconfig */ = {isa = PBXFileReference; includeInIndex = 1; lastKnownFileType = text.xcconfig; name = "Pods-Weather.debug.xcconfig"; path = "Target Support Files/Pods-Weather/Pods-Weather.debug.xcconfig"; sourceTree = "<group>"; };
		B222971D264944B70061639E /* Logger.swift */ = {isa = PBXFileReference; lastKnownFileType = sourcecode.swift; path = Logger.swift; sourceTree = "<group>"; };
		B223F6872649C57600073526 /* WeatherViewModelData.swift */ = {isa = PBXFileReference; lastKnownFileType = sourcecode.swift; path = WeatherViewModelData.swift; sourceTree = "<group>"; };
		B22EDBB126398B10004D18A7 /* MapViewModel.swift */ = {isa = PBXFileReference; lastKnownFileType = sourcecode.swift; path = MapViewModel.swift; sourceTree = "<group>"; };
		B22EDBB526398B7D004D18A7 /* MapCoordinator.swift */ = {isa = PBXFileReference; lastKnownFileType = sourcecode.swift; path = MapCoordinator.swift; sourceTree = "<group>"; };
		B22EDBBE26398BD2004D18A7 /* CoordinatorProtocol.swift */ = {isa = PBXFileReference; lastKnownFileType = sourcecode.swift; path = CoordinatorProtocol.swift; sourceTree = "<group>"; };
		B22EDBC326398C45004D18A7 /* AppCoordinator.swift */ = {isa = PBXFileReference; lastKnownFileType = sourcecode.swift; path = AppCoordinator.swift; sourceTree = "<group>"; };
		B22EDBC826398CA3004D18A7 /* WeatherViewController.swift */ = {isa = PBXFileReference; lastKnownFileType = sourcecode.swift; path = WeatherViewController.swift; sourceTree = "<group>"; };
		B22EDBCB26398CB6004D18A7 /* WeatherViewModel.swift */ = {isa = PBXFileReference; lastKnownFileType = sourcecode.swift; path = WeatherViewModel.swift; sourceTree = "<group>"; };
		B22EDBCE2639918F004D18A7 /* GeocodingService.swift */ = {isa = PBXFileReference; lastKnownFileType = sourcecode.swift; path = GeocodingService.swift; sourceTree = "<group>"; };
		B24339BD2645427E00607448 /* Dependencies.swift */ = {isa = PBXFileReference; lastKnownFileType = sourcecode.swift; path = Dependencies.swift; sourceTree = "<group>"; };
		B24339C1264566FA00607448 /* CityWeather.swift */ = {isa = PBXFileReference; lastKnownFileType = sourcecode.swift; path = CityWeather.swift; sourceTree = "<group>"; };
		B24339C42645671600607448 /* MainWeather.swift */ = {isa = PBXFileReference; lastKnownFileType = sourcecode.swift; path = MainWeather.swift; sourceTree = "<group>"; };
		B24339C72645672000607448 /* Wind.swift */ = {isa = PBXFileReference; lastKnownFileType = sourcecode.swift; path = Wind.swift; sourceTree = "<group>"; };
		B24EFCEA2647C2CB0032B07E /* Token.xcconfig */ = {isa = PBXFileReference; lastKnownFileType = text.xcconfig; path = Token.xcconfig; sourceTree = "<group>"; };
		B25647322643EFCA00165943 /* WeatherCoordinator.swift */ = {isa = PBXFileReference; lastKnownFileType = sourcecode.swift; path = WeatherCoordinator.swift; sourceTree = "<group>"; };
		B261AD082638617A0033BE0A /* Weather.app */ = {isa = PBXFileReference; explicitFileType = wrapper.application; includeInIndex = 0; path = Weather.app; sourceTree = BUILT_PRODUCTS_DIR; };
		B261AD0B2638617A0033BE0A /* AppDelegate.swift */ = {isa = PBXFileReference; lastKnownFileType = sourcecode.swift; path = AppDelegate.swift; sourceTree = "<group>"; };
		B261AD0D2638617A0033BE0A /* SceneDelegate.swift */ = {isa = PBXFileReference; lastKnownFileType = sourcecode.swift; path = SceneDelegate.swift; sourceTree = "<group>"; };
		B261AD0F2638617A0033BE0A /* MapViewController.swift */ = {isa = PBXFileReference; lastKnownFileType = sourcecode.swift; path = MapViewController.swift; sourceTree = "<group>"; };
		B261AD142638617C0033BE0A /* Assets.xcassets */ = {isa = PBXFileReference; lastKnownFileType = folder.assetcatalog; path = Assets.xcassets; sourceTree = "<group>"; };
		B261AD172638617C0033BE0A /* Base */ = {isa = PBXFileReference; lastKnownFileType = file.storyboard; name = Base; path = Base.lproj/LaunchScreen.storyboard; sourceTree = "<group>"; };
		B261AD192638617C0033BE0A /* Info.plist */ = {isa = PBXFileReference; lastKnownFileType = text.plist.xml; path = Info.plist; sourceTree = "<group>"; };
		B261AD51263885CE0033BE0A /* LocationCardView.swift */ = {isa = PBXFileReference; lastKnownFileType = sourcecode.swift; path = LocationCardView.swift; sourceTree = "<group>"; };
		B261AD572638882B0033BE0A /* UIColor+customColors.swift */ = {isa = PBXFileReference; lastKnownFileType = sourcecode.swift; path = "UIColor+customColors.swift"; sourceTree = "<group>"; };
		B261AD5A263888380033BE0A /* UIFont+customFonts.swift */ = {isa = PBXFileReference; lastKnownFileType = sourcecode.swift; path = "UIFont+customFonts.swift"; sourceTree = "<group>"; };
		B282F31F264829A600FA81E5 /* NetworkErrorShowingProtocol.swift */ = {isa = PBXFileReference; lastKnownFileType = sourcecode.swift; path = NetworkErrorShowingProtocol.swift; sourceTree = "<group>"; };
		B282F322264829C600FA81E5 /* NetworkErrorViewController.swift */ = {isa = PBXFileReference; lastKnownFileType = sourcecode.swift; path = NetworkErrorViewController.swift; sourceTree = "<group>"; };
		B282F32526482A2100FA81E5 /* Constants.swift */ = {isa = PBXFileReference; lastKnownFileType = sourcecode.swift; path = Constants.swift; sourceTree = "<group>"; };
		B282F32A26482BEC00FA81E5 /* UINavigationController+networkErrorShowing.swift */ = {isa = PBXFileReference; lastKnownFileType = sourcecode.swift; path = "UINavigationController+networkErrorShowing.swift"; sourceTree = "<group>"; };
		B2B53772264C19AE00B072D8 /* en */ = {isa = PBXFileReference; lastKnownFileType = text.plist.strings; name = en; path = en.lproj/Localizable.strings; sourceTree = "<group>"; };
		B2B53787264C417000B072D8 /* NetworkErrorView.swift */ = {isa = PBXFileReference; lastKnownFileType = sourcecode.swift; path = NetworkErrorView.swift; sourceTree = "<group>"; };
		B2B6255B264ACA3700CD3BFD /* WeatherViewController+networkErrorShowingProtocol.swift */ = {isa = PBXFileReference; lastKnownFileType = sourcecode.swift; path = "WeatherViewController+networkErrorShowingProtocol.swift"; sourceTree = "<group>"; };
		B2B62566264AE98C00CD3BFD /* BinaryFloatingPoint+minutes.swift */ = {isa = PBXFileReference; lastKnownFileType = sourcecode.swift; path = "BinaryFloatingPoint+minutes.swift"; sourceTree = "<group>"; };
		B2B62569264AE99E00CD3BFD /* BinaryFloatingPoint+seconds.swift */ = {isa = PBXFileReference; lastKnownFileType = sourcecode.swift; path = "BinaryFloatingPoint+seconds.swift"; sourceTree = "<group>"; };
		B2B62580264AEBDF00CD3BFD /* CardinalDirectionFormatter.swift */ = {isa = PBXFileReference; lastKnownFileType = sourcecode.swift; path = CardinalDirectionFormatter.swift; sourceTree = "<group>"; };
		B2B62583264AEBEC00CD3BFD /* TemperatureFormatter.swift */ = {isa = PBXFileReference; lastKnownFileType = sourcecode.swift; path = TemperatureFormatter.swift; sourceTree = "<group>"; };
		B2CC764A26428475006DD3AE /* WeatherComponentView.swift */ = {isa = PBXFileReference; lastKnownFileType = sourcecode.swift; path = WeatherComponentView.swift; sourceTree = "<group>"; };
		B2CC76562642928B006DD3AE /* WeatherIconComponentView.swift */ = {isa = PBXFileReference; lastKnownFileType = sourcecode.swift; path = WeatherIconComponentView.swift; sourceTree = "<group>"; };
		B2D33C3E265127330097F539 /* R.generated.swift */ = {isa = PBXFileReference; fileEncoding = 4; lastKnownFileType = sourcecode.swift; path = R.generated.swift; sourceTree = SOURCE_ROOT; };
		B2EE88BC263AFEBA00DE694E /* BinaryFloatingPoint+degrees.swift */ = {isa = PBXFileReference; lastKnownFileType = sourcecode.swift; path = "BinaryFloatingPoint+degrees.swift"; sourceTree = "<group>"; };
		B2EE88BF263AFEE800DE694E /* CLLocation+coordinateDescription.swift */ = {isa = PBXFileReference; lastKnownFileType = sourcecode.swift; path = "CLLocation+coordinateDescription.swift"; sourceTree = "<group>"; };
		B2FBBFFA2641890F009FE9D4 /* NetworkService.swift */ = {isa = PBXFileReference; lastKnownFileType = sourcecode.swift; path = NetworkService.swift; sourceTree = "<group>"; };
		B2FBC000264189B5009FE9D4 /* NetworkRouter.swift */ = {isa = PBXFileReference; lastKnownFileType = sourcecode.swift; path = NetworkRouter.swift; sourceTree = "<group>"; };
		B2FBC00F26419872009FE9D4 /* Weather.swift */ = {isa = PBXFileReference; lastKnownFileType = sourcecode.swift; path = Weather.swift; sourceTree = "<group>"; };
		B75BE1FF3C2E73E6EC03A7AD /* Pods_Weather.framework */ = {isa = PBXFileReference; explicitFileType = wrapper.framework; includeInIndex = 0; path = Pods_Weather.framework; sourceTree = BUILT_PRODUCTS_DIR; };
		D752C49549E50CE1A2B089AC /* Pods-Weather.release.xcconfig */ = {isa = PBXFileReference; includeInIndex = 1; lastKnownFileType = text.xcconfig; name = "Pods-Weather.release.xcconfig"; path = "Target Support Files/Pods-Weather/Pods-Weather.release.xcconfig"; sourceTree = "<group>"; };
/* End PBXFileReference section */

/* Begin PBXFrameworksBuildPhase section */
		B261AD052638617A0033BE0A /* Frameworks */ = {
			isa = PBXFrameworksBuildPhase;
			buildActionMask = 2147483647;
			files = (
				63D98C3CB218BD0335438410 /* Pods_Weather.framework in Frameworks */,
			);
			runOnlyForDeploymentPostprocessing = 0;
		};
/* End PBXFrameworksBuildPhase section */

/* Begin PBXGroup section */
		0796AC14638EA7719B37C64B /* Pods */ = {
			isa = PBXGroup;
			children = (
				2BCCDFB5C58B5717B8BAB164 /* Pods-Weather.debug.xcconfig */,
				D752C49549E50CE1A2B089AC /* Pods-Weather.release.xcconfig */,
			);
			path = Pods;
			sourceTree = "<group>";
		};
		45FE1AFAC794B98B322271D4 /* Frameworks */ = {
			isa = PBXGroup;
			children = (
				B75BE1FF3C2E73E6EC03A7AD /* Pods_Weather.framework */,
			);
			name = Frameworks;
			sourceTree = "<group>";
		};
		B222971C264944AA0061639E /* Logger */ = {
			isa = PBXGroup;
			children = (
				B222971D264944B70061639E /* Logger.swift */,
			);
			path = Logger;
			sourceTree = "<group>";
		};
		B22EDBC726398C86004D18A7 /* Weather */ = {
			isa = PBXGroup;
			children = (
				B24339AC26453AE800607448 /* Coordinator */,
				B24339B326453B2700607448 /* ViewModel */,
				B24339B526453B2E00607448 /* View */,
			);
			path = Weather;
			sourceTree = "<group>";
		};
		B24339A6264539E300607448 /* Services */ = {
			isa = PBXGroup;
			children = (
				B24339BD2645427E00607448 /* Dependencies.swift */,
				B24339A926453A1800607448 /* GeocodingService */,
				B24339A726453A0F00607448 /* NetworkService */,
			);
			path = Services;
			sourceTree = "<group>";
		};
		B24339A726453A0F00607448 /* NetworkService */ = {
			isa = PBXGroup;
			children = (
				B2FBBFFA2641890F009FE9D4 /* NetworkService.swift */,
				B2FBC000264189B5009FE9D4 /* NetworkRouter.swift */,
			);
			path = NetworkService;
			sourceTree = "<group>";
		};
		B24339A926453A1800607448 /* GeocodingService */ = {
			isa = PBXGroup;
			children = (
				B22EDBCE2639918F004D18A7 /* GeocodingService.swift */,
			);
			path = GeocodingService;
			sourceTree = "<group>";
		};
		B24339AC26453AE800607448 /* Coordinator */ = {
			isa = PBXGroup;
			children = (
				B25647322643EFCA00165943 /* WeatherCoordinator.swift */,
			);
			path = Coordinator;
			sourceTree = "<group>";
		};
		B24339AE26453AF700607448 /* Coordinator */ = {
			isa = PBXGroup;
			children = (
				B22EDBB526398B7D004D18A7 /* MapCoordinator.swift */,
			);
			path = Coordinator;
			sourceTree = "<group>";
		};
		B24339B026453B0600607448 /* View */ = {
			isa = PBXGroup;
			children = (
				B261AD0F2638617A0033BE0A /* MapViewController.swift */,
				B261AD51263885CE0033BE0A /* LocationCardView.swift */,
			);
			path = View;
			sourceTree = "<group>";
		};
		B24339B226453B0D00607448 /* ViewModel */ = {
			isa = PBXGroup;
			children = (
				B22EDBB126398B10004D18A7 /* MapViewModel.swift */,
			);
			path = ViewModel;
			sourceTree = "<group>";
		};
		B24339B326453B2700607448 /* ViewModel */ = {
			isa = PBXGroup;
			children = (
				B22EDBCB26398CB6004D18A7 /* WeatherViewModel.swift */,
			);
			path = ViewModel;
			sourceTree = "<group>";
		};
		B24339B526453B2E00607448 /* View */ = {
			isa = PBXGroup;
			children = (
				B22EDBC826398CA3004D18A7 /* WeatherViewController.swift */,
				B2CC764A26428475006DD3AE /* WeatherComponentView.swift */,
				B2CC76562642928B006DD3AE /* WeatherIconComponentView.swift */,
			);
			path = View;
			sourceTree = "<group>";
		};
		B261ACFF2638617A0033BE0A = {
			isa = PBXGroup;
			children = (
				B261AD0A2638617A0033BE0A /* Weather */,
				B261AD092638617A0033BE0A /* Products */,
				0796AC14638EA7719B37C64B /* Pods */,
				45FE1AFAC794B98B322271D4 /* Frameworks */,
			);
			sourceTree = "<group>";
		};
		B261AD092638617A0033BE0A /* Products */ = {
			isa = PBXGroup;
			children = (
				B261AD082638617A0033BE0A /* Weather.app */,
			);
			name = Products;
			sourceTree = "<group>";
		};
		B261AD0A2638617A0033BE0A /* Weather */ = {
			isa = PBXGroup;
			children = (
				B2D33C3E265127330097F539 /* R.generated.swift */,
				B24EFCEA2647C2CB0032B07E /* Token.xcconfig */,
				B2B53773264C19AE00B072D8 /* Localizable.strings */,
				B2B53784264C295E00B072D8 /* Constants */,
				B2B6257E264AEBCC00CD3BFD /* Helpers */,
				B222971C264944AA0061639E /* Logger */,
				B2FBC00E2641985D009FE9D4 /* Entities */,
				B2FBBFF6264183C6009FE9D4 /* SupportingFiles */,
				B261AD35263877120033BE0A /* Modules */,
				B24339A6264539E300607448 /* Services */,
				B2EE88BA263AFE9C00DE694E /* Extensions */,
				B261AD142638617C0033BE0A /* Assets.xcassets */,
				B261AD162638617C0033BE0A /* LaunchScreen.storyboard */,
				B261AD192638617C0033BE0A /* Info.plist */,
			);
			path = Weather;
			sourceTree = "<group>";
		};
		B261AD332638770D0033BE0A /* Map */ = {
			isa = PBXGroup;
			children = (
				B24339AE26453AF700607448 /* Coordinator */,
				B24339B226453B0D00607448 /* ViewModel */,
				B24339B026453B0600607448 /* View */,
			);
			path = Map;
			sourceTree = "<group>";
		};
		B261AD35263877120033BE0A /* Modules */ = {
			isa = PBXGroup;
			children = (
				B22EDBBE26398BD2004D18A7 /* CoordinatorProtocol.swift */,
				B22EDBC326398C45004D18A7 /* AppCoordinator.swift */,
				B282F31F264829A600FA81E5 /* NetworkErrorShowingProtocol.swift */,
				B261AD332638770D0033BE0A /* Map */,
				B22EDBC726398C86004D18A7 /* Weather */,
				B282F32826482B7300FA81E5 /* NetworkError */,
			);
			path = Modules;
			sourceTree = "<group>";
		};
		B282F32826482B7300FA81E5 /* NetworkError */ = {
			isa = PBXGroup;
			children = (
				B282F322264829C600FA81E5 /* NetworkErrorViewController.swift */,
				B2B53787264C417000B072D8 /* NetworkErrorView.swift */,
			);
			path = NetworkError;
			sourceTree = "<group>";
		};
		B2B53784264C295E00B072D8 /* Constants */ = {
			isa = PBXGroup;
			children = (
				B282F32526482A2100FA81E5 /* Constants.swift */,
			);
			path = Constants;
			sourceTree = "<group>";
		};
		B2B6257E264AEBCC00CD3BFD /* Helpers */ = {
			isa = PBXGroup;
			children = (
				B2B62580264AEBDF00CD3BFD /* CardinalDirectionFormatter.swift */,
				B2B62583264AEBEC00CD3BFD /* TemperatureFormatter.swift */,
			);
			path = Helpers;
			sourceTree = "<group>";
		};
		B2EE88BA263AFE9C00DE694E /* Extensions */ = {
			isa = PBXGroup;
			children = (
				B261AD572638882B0033BE0A /* UIColor+customColors.swift */,
				B261AD5A263888380033BE0A /* UIFont+customFonts.swift */,
				B282F32A26482BEC00FA81E5 /* UINavigationController+networkErrorShowing.swift */,
				B2B6255B264ACA3700CD3BFD /* WeatherViewController+networkErrorShowingProtocol.swift */,
				B2EE88BF263AFEE800DE694E /* CLLocation+coordinateDescription.swift */,
				B2EE88BC263AFEBA00DE694E /* BinaryFloatingPoint+degrees.swift */,
				B2B62566264AE98C00CD3BFD /* BinaryFloatingPoint+minutes.swift */,
				B2B62569264AE99E00CD3BFD /* BinaryFloatingPoint+seconds.swift */,
			);
			path = Extensions;
			sourceTree = "<group>";
		};
		B2FBBFF6264183C6009FE9D4 /* SupportingFiles */ = {
			isa = PBXGroup;
			children = (
				B261AD0B2638617A0033BE0A /* AppDelegate.swift */,
				B261AD0D2638617A0033BE0A /* SceneDelegate.swift */,
			);
			path = SupportingFiles;
			sourceTree = "<group>";
		};
		B2FBC00E2641985D009FE9D4 /* Entities */ = {
			isa = PBXGroup;
			children = (
				B24339C1264566FA00607448 /* CityWeather.swift */,
				B2FBC00F26419872009FE9D4 /* Weather.swift */,
				B24339C42645671600607448 /* MainWeather.swift */,
				B24339C72645672000607448 /* Wind.swift */,
				B223F6872649C57600073526 /* WeatherViewModelData.swift */,
			);
			path = Entities;
			sourceTree = "<group>";
		};
/* End PBXGroup section */

/* Begin PBXNativeTarget section */
		B261AD072638617A0033BE0A /* Weather */ = {
			isa = PBXNativeTarget;
			buildConfigurationList = B261AD1C2638617C0033BE0A /* Build configuration list for PBXNativeTarget "Weather" */;
			buildPhases = (
				FD28CFCE721D3636A068F8B6 /* [CP] Check Pods Manifest.lock */,
				B261AD2326386FB70033BE0A /* SwiftLint */,
				B2D33C3B2651260F0097F539 /* R.swift */,
				B261AD042638617A0033BE0A /* Sources */,
				B261AD052638617A0033BE0A /* Frameworks */,
				B261AD062638617A0033BE0A /* Resources */,
				7998B98035CE35003E7B7361 /* [CP] Embed Pods Frameworks */,
			);
			buildRules = (
			);
			dependencies = (
			);
			name = Weather;
			productName = Weather;
			productReference = B261AD082638617A0033BE0A /* Weather.app */;
			productType = "com.apple.product-type.application";
		};
/* End PBXNativeTarget section */

/* Begin PBXProject section */
		B261AD002638617A0033BE0A /* Project object */ = {
			isa = PBXProject;
			attributes = {
				LastSwiftUpdateCheck = 1220;
				LastUpgradeCheck = 1230;
				TargetAttributes = {
					B261AD072638617A0033BE0A = {
						CreatedOnToolsVersion = 12.2;
					};
				};
			};
			buildConfigurationList = B261AD032638617A0033BE0A /* Build configuration list for PBXProject "Weather" */;
			compatibilityVersion = "Xcode 9.3";
			developmentRegion = en;
			hasScannedForEncodings = 0;
			knownRegions = (
				en,
				Base,
			);
			mainGroup = B261ACFF2638617A0033BE0A;
			productRefGroup = B261AD092638617A0033BE0A /* Products */;
			projectDirPath = "";
			projectRoot = "";
			targets = (
				B261AD072638617A0033BE0A /* Weather */,
			);
		};
/* End PBXProject section */

/* Begin PBXResourcesBuildPhase section */
		B261AD062638617A0033BE0A /* Resources */ = {
			isa = PBXResourcesBuildPhase;
			buildActionMask = 2147483647;
			files = (
				B261AD182638617C0033BE0A /* LaunchScreen.storyboard in Resources */,
				B261AD152638617C0033BE0A /* Assets.xcassets in Resources */,
				B2B53771264C19AE00B072D8 /* Localizable.strings in Resources */,
			);
			runOnlyForDeploymentPostprocessing = 0;
		};
/* End PBXResourcesBuildPhase section */

/* Begin PBXShellScriptBuildPhase section */
		7998B98035CE35003E7B7361 /* [CP] Embed Pods Frameworks */ = {
			isa = PBXShellScriptBuildPhase;
			buildActionMask = 2147483647;
			files = (
			);
			inputFileListPaths = (
				"${PODS_ROOT}/Target Support Files/Pods-Weather/Pods-Weather-frameworks-${CONFIGURATION}-input-files.xcfilelist",
			);
			name = "[CP] Embed Pods Frameworks";
			outputFileListPaths = (
				"${PODS_ROOT}/Target Support Files/Pods-Weather/Pods-Weather-frameworks-${CONFIGURATION}-output-files.xcfilelist",
			);
			runOnlyForDeploymentPostprocessing = 0;
			shellPath = /bin/sh;
			shellScript = "\"${PODS_ROOT}/Target Support Files/Pods-Weather/Pods-Weather-frameworks.sh\"\n";
			showEnvVarsInLog = 0;
		};
		B261AD2326386FB70033BE0A /* SwiftLint */ = {
			isa = PBXShellScriptBuildPhase;
			buildActionMask = 2147483647;
			files = (
			);
			inputFileListPaths = (
			);
			inputPaths = (
			);
			name = SwiftLint;
			outputFileListPaths = (
			);
			outputPaths = (
			);
			runOnlyForDeploymentPostprocessing = 0;
			shellPath = /bin/sh;
			shellScript = "# Type a script or drag a script file from your workspace to insert its path.\n\"${PODS_ROOT}/SwiftLint/swiftlint\"\n";
		};
		B2D33C3B2651260F0097F539 /* R.swift */ = {
			isa = PBXShellScriptBuildPhase;
			buildActionMask = 2147483647;
			files = (
			);
			inputFileListPaths = (
			);
			inputPaths = (
				"$TEMP_DIR/rswift-lastrun",
			);
			name = R.swift;
			outputFileListPaths = (
			);
			outputPaths = (
				$SRCROOT/R.generated.swift,
			);
			runOnlyForDeploymentPostprocessing = 0;
			shellPath = /bin/sh;
			shellScript = "# Type a script or drag a script file from your workspace to insert its path.\n\"$PODS_ROOT/R.swift/rswift\" generate \"$SRCROOT/R.generated.swift\"\n";
		};
		FD28CFCE721D3636A068F8B6 /* [CP] Check Pods Manifest.lock */ = {
			isa = PBXShellScriptBuildPhase;
			buildActionMask = 2147483647;
			files = (
			);
			inputFileListPaths = (
			);
			inputPaths = (
				"${PODS_PODFILE_DIR_PATH}/Podfile.lock",
				"${PODS_ROOT}/Manifest.lock",
			);
			name = "[CP] Check Pods Manifest.lock";
			outputFileListPaths = (
			);
			outputPaths = (
				"$(DERIVED_FILE_DIR)/Pods-Weather-checkManifestLockResult.txt",
			);
			runOnlyForDeploymentPostprocessing = 0;
			shellPath = /bin/sh;
			shellScript = "diff \"${PODS_PODFILE_DIR_PATH}/Podfile.lock\" \"${PODS_ROOT}/Manifest.lock\" > /dev/null\nif [ $? != 0 ] ; then\n    # print error to STDERR\n    echo \"error: The sandbox is not in sync with the Podfile.lock. Run 'pod install' or update your CocoaPods installation.\" >&2\n    exit 1\nfi\n# This output is used by Xcode 'outputs' to avoid re-running this script phase.\necho \"SUCCESS\" > \"${SCRIPT_OUTPUT_FILE_0}\"\n";
			showEnvVarsInLog = 0;
		};
/* End PBXShellScriptBuildPhase section */

/* Begin PBXSourcesBuildPhase section */
		B261AD042638617A0033BE0A /* Sources */ = {
			isa = PBXSourcesBuildPhase;
			buildActionMask = 2147483647;
			files = (
				B2B62581264AEBDF00CD3BFD /* CardinalDirectionFormatter.swift in Sources */,
				B2CC764B26428475006DD3AE /* WeatherComponentView.swift in Sources */,
				B22EDBC426398C45004D18A7 /* AppCoordinator.swift in Sources */,
				B24339C82645672000607448 /* Wind.swift in Sources */,
				B22EDBCC26398CB7004D18A7 /* WeatherViewModel.swift in Sources */,
				B22EDBC926398CA3004D18A7 /* WeatherViewController.swift in Sources */,
				B2B62567264AE98C00CD3BFD /* BinaryFloatingPoint+minutes.swift in Sources */,
				B282F32626482A2100FA81E5 /* Constants.swift in Sources */,
				B24339C52645671600607448 /* MainWeather.swift in Sources */,
				B282F323264829C600FA81E5 /* NetworkErrorViewController.swift in Sources */,
				B2EE88C0263AFEE800DE694E /* CLLocation+coordinateDescription.swift in Sources */,
				B22EDBCF2639918F004D18A7 /* GeocodingService.swift in Sources */,
				B223F6882649C57600073526 /* WeatherViewModelData.swift in Sources */,
				B2FBBFFB2641890F009FE9D4 /* NetworkService.swift in Sources */,
				B22EDBB626398B7D004D18A7 /* MapCoordinator.swift in Sources */,
				B24339C2264566FA00607448 /* CityWeather.swift in Sources */,
				B24339BE2645427E00607448 /* Dependencies.swift in Sources */,
				B22EDBBF26398BD2004D18A7 /* CoordinatorProtocol.swift in Sources */,
				B282F32B26482BEC00FA81E5 /* UINavigationController+networkErrorShowing.swift in Sources */,
				B2B6255C264ACA3700CD3BFD /* WeatherViewController+networkErrorShowingProtocol.swift in Sources */,
				B261AD102638617A0033BE0A /* MapViewController.swift in Sources */,
				B2CC76572642928B006DD3AE /* WeatherIconComponentView.swift in Sources */,
				B261AD52263885CE0033BE0A /* LocationCardView.swift in Sources */,
				B261AD5B263888380033BE0A /* UIFont+customFonts.swift in Sources */,
				B2B62584264AEBEC00CD3BFD /* TemperatureFormatter.swift in Sources */,
				B2D33C3F265127330097F539 /* R.generated.swift in Sources */,
				B2EE88BD263AFEBA00DE694E /* BinaryFloatingPoint+degrees.swift in Sources */,
				B25647332643EFCA00165943 /* WeatherCoordinator.swift in Sources */,
				B261AD0C2638617A0033BE0A /* AppDelegate.swift in Sources */,
				B261AD582638882B0033BE0A /* UIColor+customColors.swift in Sources */,
				B2FBC01026419872009FE9D4 /* Weather.swift in Sources */,
				B2B53788264C417000B072D8 /* NetworkErrorView.swift in Sources */,
				B222971E264944B70061639E /* Logger.swift in Sources */,
				B2B6256A264AE99E00CD3BFD /* BinaryFloatingPoint+seconds.swift in Sources */,
				B261AD0E2638617A0033BE0A /* SceneDelegate.swift in Sources */,
				B22EDBB226398B10004D18A7 /* MapViewModel.swift in Sources */,
				B2FBC001264189B5009FE9D4 /* NetworkRouter.swift in Sources */,
				B282F320264829A600FA81E5 /* NetworkErrorShowingProtocol.swift in Sources */,
			);
			runOnlyForDeploymentPostprocessing = 0;
		};
/* End PBXSourcesBuildPhase section */

/* Begin PBXVariantGroup section */
		B261AD162638617C0033BE0A /* LaunchScreen.storyboard */ = {
			isa = PBXVariantGroup;
			children = (
				B261AD172638617C0033BE0A /* Base */,
			);
			name = LaunchScreen.storyboard;
			sourceTree = "<group>";
		};
		B2B53773264C19AE00B072D8 /* Localizable.strings */ = {
			isa = PBXVariantGroup;
			children = (
				B2B53772264C19AE00B072D8 /* en */,
			);
			name = Localizable.strings;
			sourceTree = "<group>";
		};
/* End PBXVariantGroup section */

/* Begin XCBuildConfiguration section */
		B261AD1A2638617C0033BE0A /* Debug */ = {
			isa = XCBuildConfiguration;
			baseConfigurationReference = B24EFCEA2647C2CB0032B07E /* Token.xcconfig */;
			buildSettings = {
				ALWAYS_SEARCH_USER_PATHS = NO;
				CLANG_ANALYZER_NONNULL = YES;
				CLANG_ANALYZER_NUMBER_OBJECT_CONVERSION = YES_AGGRESSIVE;
				CLANG_CXX_LANGUAGE_STANDARD = "gnu++14";
				CLANG_CXX_LIBRARY = "libc++";
				CLANG_ENABLE_MODULES = YES;
				CLANG_ENABLE_OBJC_ARC = YES;
				CLANG_ENABLE_OBJC_WEAK = YES;
				CLANG_WARN_BLOCK_CAPTURE_AUTORELEASING = YES;
				CLANG_WARN_BOOL_CONVERSION = YES;
				CLANG_WARN_COMMA = YES;
				CLANG_WARN_CONSTANT_CONVERSION = YES;
				CLANG_WARN_DEPRECATED_OBJC_IMPLEMENTATIONS = YES;
				CLANG_WARN_DIRECT_OBJC_ISA_USAGE = YES_ERROR;
				CLANG_WARN_DOCUMENTATION_COMMENTS = YES;
				CLANG_WARN_EMPTY_BODY = YES;
				CLANG_WARN_ENUM_CONVERSION = YES;
				CLANG_WARN_INFINITE_RECURSION = YES;
				CLANG_WARN_INT_CONVERSION = YES;
				CLANG_WARN_NON_LITERAL_NULL_CONVERSION = YES;
				CLANG_WARN_OBJC_IMPLICIT_RETAIN_SELF = YES;
				CLANG_WARN_OBJC_LITERAL_CONVERSION = YES;
				CLANG_WARN_OBJC_ROOT_CLASS = YES_ERROR;
				CLANG_WARN_QUOTED_INCLUDE_IN_FRAMEWORK_HEADER = YES;
				CLANG_WARN_RANGE_LOOP_ANALYSIS = YES;
				CLANG_WARN_STRICT_PROTOTYPES = YES;
				CLANG_WARN_SUSPICIOUS_MOVE = YES;
				CLANG_WARN_UNGUARDED_AVAILABILITY = YES_AGGRESSIVE;
				CLANG_WARN_UNREACHABLE_CODE = YES;
				CLANG_WARN__DUPLICATE_METHOD_MATCH = YES;
				COPY_PHASE_STRIP = NO;
				DEBUG_INFORMATION_FORMAT = dwarf;
				ENABLE_STRICT_OBJC_MSGSEND = YES;
				ENABLE_TESTABILITY = YES;
				GCC_C_LANGUAGE_STANDARD = gnu11;
				GCC_DYNAMIC_NO_PIC = NO;
				GCC_NO_COMMON_BLOCKS = YES;
				GCC_OPTIMIZATION_LEVEL = 0;
				GCC_PREPROCESSOR_DEFINITIONS = (
					"DEBUG=1",
					"$(inherited)",
				);
				GCC_WARN_64_TO_32_BIT_CONVERSION = YES;
				GCC_WARN_ABOUT_RETURN_TYPE = YES_ERROR;
				GCC_WARN_UNDECLARED_SELECTOR = YES;
				GCC_WARN_UNINITIALIZED_AUTOS = YES_AGGRESSIVE;
				GCC_WARN_UNUSED_FUNCTION = YES;
				GCC_WARN_UNUSED_VARIABLE = YES;
				IPHONEOS_DEPLOYMENT_TARGET = 14.2;
				MTL_ENABLE_DEBUG_INFO = INCLUDE_SOURCE;
				MTL_FAST_MATH = YES;
				ONLY_ACTIVE_ARCH = YES;
				SDKROOT = iphoneos;
				SWIFT_ACTIVE_COMPILATION_CONDITIONS = DEBUG;
				SWIFT_OPTIMIZATION_LEVEL = "-Onone";
			};
			name = Debug;
		};
		B261AD1B2638617C0033BE0A /* Release */ = {
			isa = XCBuildConfiguration;
			baseConfigurationReference = B24EFCEA2647C2CB0032B07E /* Token.xcconfig */;
			buildSettings = {
				ALWAYS_SEARCH_USER_PATHS = NO;
				CLANG_ANALYZER_NONNULL = YES;
				CLANG_ANALYZER_NUMBER_OBJECT_CONVERSION = YES_AGGRESSIVE;
				CLANG_CXX_LANGUAGE_STANDARD = "gnu++14";
				CLANG_CXX_LIBRARY = "libc++";
				CLANG_ENABLE_MODULES = YES;
				CLANG_ENABLE_OBJC_ARC = YES;
				CLANG_ENABLE_OBJC_WEAK = YES;
				CLANG_WARN_BLOCK_CAPTURE_AUTORELEASING = YES;
				CLANG_WARN_BOOL_CONVERSION = YES;
				CLANG_WARN_COMMA = YES;
				CLANG_WARN_CONSTANT_CONVERSION = YES;
				CLANG_WARN_DEPRECATED_OBJC_IMPLEMENTATIONS = YES;
				CLANG_WARN_DIRECT_OBJC_ISA_USAGE = YES_ERROR;
				CLANG_WARN_DOCUMENTATION_COMMENTS = YES;
				CLANG_WARN_EMPTY_BODY = YES;
				CLANG_WARN_ENUM_CONVERSION = YES;
				CLANG_WARN_INFINITE_RECURSION = YES;
				CLANG_WARN_INT_CONVERSION = YES;
				CLANG_WARN_NON_LITERAL_NULL_CONVERSION = YES;
				CLANG_WARN_OBJC_IMPLICIT_RETAIN_SELF = YES;
				CLANG_WARN_OBJC_LITERAL_CONVERSION = YES;
				CLANG_WARN_OBJC_ROOT_CLASS = YES_ERROR;
				CLANG_WARN_QUOTED_INCLUDE_IN_FRAMEWORK_HEADER = YES;
				CLANG_WARN_RANGE_LOOP_ANALYSIS = YES;
				CLANG_WARN_STRICT_PROTOTYPES = YES;
				CLANG_WARN_SUSPICIOUS_MOVE = YES;
				CLANG_WARN_UNGUARDED_AVAILABILITY = YES_AGGRESSIVE;
				CLANG_WARN_UNREACHABLE_CODE = YES;
				CLANG_WARN__DUPLICATE_METHOD_MATCH = YES;
				COPY_PHASE_STRIP = NO;
				DEBUG_INFORMATION_FORMAT = "dwarf-with-dsym";
				ENABLE_NS_ASSERTIONS = NO;
				ENABLE_STRICT_OBJC_MSGSEND = YES;
				GCC_C_LANGUAGE_STANDARD = gnu11;
				GCC_NO_COMMON_BLOCKS = YES;
				GCC_WARN_64_TO_32_BIT_CONVERSION = YES;
				GCC_WARN_ABOUT_RETURN_TYPE = YES_ERROR;
				GCC_WARN_UNDECLARED_SELECTOR = YES;
				GCC_WARN_UNINITIALIZED_AUTOS = YES_AGGRESSIVE;
				GCC_WARN_UNUSED_FUNCTION = YES;
				GCC_WARN_UNUSED_VARIABLE = YES;
				IPHONEOS_DEPLOYMENT_TARGET = 14.2;
				MTL_ENABLE_DEBUG_INFO = NO;
				MTL_FAST_MATH = YES;
				SDKROOT = iphoneos;
				SWIFT_COMPILATION_MODE = wholemodule;
				SWIFT_OPTIMIZATION_LEVEL = "-O";
				VALIDATE_PRODUCT = YES;
			};
			name = Release;
		};
		B261AD1D2638617C0033BE0A /* Debug */ = {
			isa = XCBuildConfiguration;
			baseConfigurationReference = 2BCCDFB5C58B5717B8BAB164 /* Pods-Weather.debug.xcconfig */;
			buildSettings = {
				ASSETCATALOG_COMPILER_APPICON_NAME = AppIcon;
				ASSETCATALOG_COMPILER_GLOBAL_ACCENT_COLOR_NAME = AccentColor;
				CODE_SIGN_STYLE = Automatic;
				DEVELOPMENT_TEAM = S9V323B2TN;
				INFOPLIST_FILE = Weather/Info.plist;
				IPHONEOS_DEPLOYMENT_TARGET = 13.0;
				LD_RUNPATH_SEARCH_PATHS = (
					"$(inherited)",
					"@executable_path/Frameworks",
				);
				PRODUCT_BUNDLE_IDENTIFIER = almatkulbaev.Weather;
				PRODUCT_NAME = "$(TARGET_NAME)";
				SWIFT_VERSION = 5.0;
				TARGETED_DEVICE_FAMILY = 1;
			};
			name = Debug;
		};
		B261AD1E2638617C0033BE0A /* Release */ = {
			isa = XCBuildConfiguration;
			baseConfigurationReference = D752C49549E50CE1A2B089AC /* Pods-Weather.release.xcconfig */;
			buildSettings = {
				ASSETCATALOG_COMPILER_APPICON_NAME = AppIcon;
				ASSETCATALOG_COMPILER_GLOBAL_ACCENT_COLOR_NAME = AccentColor;
				CODE_SIGN_STYLE = Automatic;
				DEVELOPMENT_TEAM = S9V323B2TN;
				INFOPLIST_FILE = Weather/Info.plist;
				IPHONEOS_DEPLOYMENT_TARGET = 13.0;
				LD_RUNPATH_SEARCH_PATHS = (
					"$(inherited)",
					"@executable_path/Frameworks",
				);
				PRODUCT_BUNDLE_IDENTIFIER = almatkulbaev.Weather;
				PRODUCT_NAME = "$(TARGET_NAME)";
				SWIFT_VERSION = 5.0;
				TARGETED_DEVICE_FAMILY = 1;
			};
			name = Release;
		};
/* End XCBuildConfiguration section */

/* Begin XCConfigurationList section */
		B261AD032638617A0033BE0A /* Build configuration list for PBXProject "Weather" */ = {
			isa = XCConfigurationList;
			buildConfigurations = (
				B261AD1A2638617C0033BE0A /* Debug */,
				B261AD1B2638617C0033BE0A /* Release */,
			);
			defaultConfigurationIsVisible = 0;
			defaultConfigurationName = Release;
		};
		B261AD1C2638617C0033BE0A /* Build configuration list for PBXNativeTarget "Weather" */ = {
			isa = XCConfigurationList;
			buildConfigurations = (
				B261AD1D2638617C0033BE0A /* Debug */,
				B261AD1E2638617C0033BE0A /* Release */,
			);
			defaultConfigurationIsVisible = 0;
			defaultConfigurationName = Release;
		};
/* End XCConfigurationList section */
	};
	rootObject = B261AD002638617A0033BE0A /* Project object */;
}
